
Microsoft Visual Studio Solution File, Format Version 12.00
# Visual Studio 2013
VisualStudioVersion = 12.0.21005.1
MinimumVisualStudioVersion = 10.0.40219.1
Project("{8BC9CEB8-8B4A-11D0-8D11-00A0C91BC942}") = "DesignPatternPro", "DesignPatternPro\DesignPatternPro.vcxproj", "{D9FB1863-AFBC-45D5-8FF7-553C4327CE94}"
EndProject
Project("{8BC9CEB8-8B4A-11D0-8D11-00A0C91BC942}") = "状态模式", "状态模式\状态模式.vcxproj", "{7028D87C-4034-4627-B79C-6DA2609B9288}"
EndProject
Project("{8BC9CEB8-8B4A-11D0-8D11-00A0C91BC942}") = "策略模式", "策略模式\策略模式.vcxproj", "{E0F06F28-37D5-473C-B93B-BF5053BD705E}"
EndProject
Project("{8BC9CEB8-8B4A-11D0-8D11-00A0C91BC942}") = "职责链模式", "职责链模式\职责链模式.vcxproj", "{8140C1F4-33D0-4BCC-8AB8-76353847BE67}"
EndProject
Project("{8BC9CEB8-8B4A-11D0-8D11-00A0C91BC942}") = "适配器模式", "适配器模式\适配器模式.vcxproj", "{9EB406A9-B0D4-48CF-8C9E-EE5D1F645E4F}"
EndProject
Project("{8BC9CEB8-8B4A-11D0-8D11-00A0C91BC942}") = "命令模式", "命令模式\命令模式.vcxproj", "{66AFECBD-EB64-4021-A389-FCB637972281}"
EndProject
Project("{8BC9CEB8-8B4A-11D0-8D11-00A0C91BC942}") = "原型模式", "原型模式\原型模式.vcxproj", "{C82580DA-FB8E-4DCC-A1D3-5D6DA66D46B7}"
EndProject
Project("{8BC9CEB8-8B4A-11D0-8D11-00A0C91BC942}") = "建造者模式", "建造者模式\建造者模式.vcxproj", "{04499F93-3C85-4A38-925A-91A53B2E0C07}"
EndProject
Global
	GlobalSection(SolutionConfigurationPlatforms) = preSolution
		Debug|Win32 = Debug|Win32
		Release|Win32 = Release|Win32
	EndGlobalSection
	GlobalSection(ProjectConfigurationPlatforms) = postSolution
		{D9FB1863-AFBC-45D5-8FF7-553C4327CE94}.Debug|Win32.ActiveCfg = Debug|Win32
		{D9FB1863-AFBC-45D5-8FF7-553C4327CE94}.Debug|Win32.Build.0 = Debug|Win32
		{D9FB1863-AFBC-45D5-8FF7-553C4327CE94}.Release|Win32.ActiveCfg = Release|Win32
		{D9FB1863-AFBC-45D5-8FF7-553C4327CE94}.Release|Win32.Build.0 = Release|Win32
		{7028D87C-4034-4627-B79C-6DA2609B9288}.Debug|Win32.ActiveCfg = Debug|Win32
		{7028D87C-4034-4627-B79C-6DA2609B9288}.Debug|Win32.Build.0 = Debug|Win32
		{7028D87C-4034-4627-B79C-6DA2609B9288}.Release|Win32.ActiveCfg = Release|Win32
		{7028D87C-4034-4627-B79C-6DA2609B9288}.Release|Win32.Build.0 = Release|Win32
		{E0F06F28-37D5-473C-B93B-BF5053BD705E}.Debug|Win32.ActiveCfg = Debug|Win32
		{E0F06F28-37D5-473C-B93B-BF5053BD705E}.Debug|Win32.Build.0 = Debug|Win32
		{E0F06F28-37D5-473C-B93B-BF5053BD705E}.Release|Win32.ActiveCfg = Release|Win32
		{E0F06F28-37D5-473C-B93B-BF5053BD705E}.Release|Win32.Build.0 = Release|Win32
		{8140C1F4-33D0-4BCC-8AB8-76353847BE67}.Debug|Win32.ActiveCfg = Debug|Win32
		{8140C1F4-33D0-4BCC-8AB8-76353847BE67}.Debug|Win32.Build.0 = Debug|Win32
		{8140C1F4-33D0-4BCC-8AB8-76353847BE67}.Release|Win32.ActiveCfg = Release|Win32
		{8140C1F4-33D0-4BCC-8AB8-76353847BE67}.Release|Win32.Build.0 = Release|Win32
		{9EB406A9-B0D4-48CF-8C9E-EE5D1F645E4F}.Debug|Win32.ActiveCfg = Debug|Win32
		{9EB406A9-B0D4-48CF-8C9E-EE5D1F645E4F}.Debug|Win32.Build.0 = Debug|Win32
		{9EB406A9-B0D4-48CF-8C9E-EE5D1F645E4F}.Release|Win32.ActiveCfg = Release|Win32
		{9EB406A9-B0D4-48CF-8C9E-EE5D1F645E4F}.Release|Win32.Build.0 = Release|Win32
		{66AFECBD-EB64-4021-A389-FCB637972281}.Debug|Win32.ActiveCfg = Debug|Win32
		{66AFECBD-EB64-4021-A389-FCB637972281}.Debug|Win32.Build.0 = Debug|Win32
		{66AFECBD-EB64-4021-A389-FCB637972281}.Release|Win32.ActiveCfg = Release|Win32
		{66AFECBD-EB64-4021-A389-FCB637972281}.Release|Win32.Build.0 = Release|Win32
		{C82580DA-FB8E-4DCC-A1D3-5D6DA66D46B7}.Debug|Win32.ActiveCfg = Debug|Win32
		{C82580DA-FB8E-4DCC-A1D3-5D6DA66D46B7}.Debug|Win32.Build.0 = Debug|Win32
		{C82580DA-FB8E-4DCC-A1D3-5D6DA66D46B7}.Release|Win32.ActiveCfg = Release|Win32
		{C82580DA-FB8E-4DCC-A1D3-5D6DA66D46B7}.Release|Win32.Build.0 = Release|Win32
		{04499F93-3C85-4A38-925A-91A53B2E0C07}.Debug|Win32.ActiveCfg = Debug|Win32
		{04499F93-3C85-4A38-925A-91A53B2E0C07}.Debug|Win32.Build.0 = Debug|Win32
		{04499F93-3C85-4A38-925A-91A53B2E0C07}.Release|Win32.ActiveCfg = Release|Win32
		{04499F93-3C85-4A38-925A-91A53B2E0C07}.Release|Win32.Build.0 = Release|Win32
	EndGlobalSection
	GlobalSection(SolutionProperties) = preSolution
		HideSolutionNode = FALSE
	EndGlobalSection
EndGlobal
